
Microsoft Visual Studio Solution File, Format Version 12.00
# Visual Studio Version 16
VisualStudioVersion = 16.0.31112.23
MinimumVisualStudioVersion = 10.0.40219.1
Project("{8BC9CEB8-8B4A-11D0-8D11-00A0C91BC942}") = "DirectX12_Proj", "DirectX12_Proj\DirectX12_Proj.vcxproj", "{2B5E111D-806B-48B1-A15D-7069B2C7A310}"
EndProject
Project("{8BC9CEB8-8B4A-11D0-8D11-00A0C91BC942}") = "01_InitDirectX", "Samples\01_InitDirectX\01_InitDirectX.vcxproj", "{F3DCD8FE-CF76-405A-AA43-2FC095F5696D}"
EndProject
Project("{2150E333-8FDC-42A3-9474-1A3956D46DE8}") = "Samples", "Samples", "{AF28FEFA-2981-4FE8-9D1A-0EBBB04C0BF0}"
EndProject
Project("{8BC9CEB8-8B4A-11D0-8D11-00A0C91BC942}") = "02_Box", "Samples\02_Box\02_Box.vcxproj", "{350609AC-FEB8-4EC0-8CA0-DE991181F11F}"
EndProject
Global
	GlobalSection(SolutionConfigurationPlatforms) = preSolution
		Debug|x64 = Debug|x64
		Debug|x86 = Debug|x86
		Release|x64 = Release|x64
		Release|x86 = Release|x86
	EndGlobalSection
	GlobalSection(ProjectConfigurationPlatforms) = postSolution
		{2B5E111D-806B-48B1-A15D-7069B2C7A310}.Debug|x64.ActiveCfg = Debug|x64
		{2B5E111D-806B-48B1-A15D-7069B2C7A310}.Debug|x64.Build.0 = Debug|x64
		{2B5E111D-806B-48B1-A15D-7069B2C7A310}.Debug|x86.ActiveCfg = Debug|Win32
		{2B5E111D-806B-48B1-A15D-7069B2C7A310}.Debug|x86.Build.0 = Debug|Win32
		{2B5E111D-806B-48B1-A15D-7069B2C7A310}.Release|x64.ActiveCfg = Release|x64
		{2B5E111D-806B-48B1-A15D-7069B2C7A310}.Release|x64.Build.0 = Release|x64
		{2B5E111D-806B-48B1-A15D-7069B2C7A310}.Release|x86.ActiveCfg = Release|Win32
		{2B5E111D-806B-48B1-A15D-7069B2C7A310}.Release|x86.Build.0 = Release|Win32
		{F3DCD8FE-CF76-405A-AA43-2FC095F5696D}.Debug|x64.ActiveCfg = Debug|x64
		{F3DCD8FE-CF76-405A-AA43-2FC095F5696D}.Debug|x64.Build.0 = Debug|x64
		{F3DCD8FE-CF76-405A-AA43-2FC095F5696D}.Debug|x86.ActiveCfg = Debug|Win32
		{F3DCD8FE-CF76-405A-AA43-2FC095F5696D}.Debug|x86.Build.0 = Debug|Win32
		{F3DCD8FE-CF76-405A-AA43-2FC095F5696D}.Release|x64.ActiveCfg = Release|x64
		{F3DCD8FE-CF76-405A-AA43-2FC095F5696D}.Release|x64.Build.0 = Release|x64
		{F3DCD8FE-CF76-405A-AA43-2FC095F5696D}.Release|x86.ActiveCfg = Release|Win32
		{F3DCD8FE-CF76-405A-AA43-2FC095F5696D}.Release|x86.Build.0 = Release|Win32
		{350609AC-FEB8-4EC0-8CA0-DE991181F11F}.Debug|x64.ActiveCfg = Debug|x64
		{350609AC-FEB8-4EC0-8CA0-DE991181F11F}.Debug|x64.Build.0 = Debug|x64
		{350609AC-FEB8-4EC0-8CA0-DE991181F11F}.Debug|x86.ActiveCfg = Debug|Win32
		{350609AC-FEB8-4EC0-8CA0-DE991181F11F}.Debug|x86.Build.0 = Debug|Win32
		{350609AC-FEB8-4EC0-8CA0-DE991181F11F}.Release|x64.ActiveCfg = Release|x64
		{350609AC-FEB8-4EC0-8CA0-DE991181F11F}.Release|x64.Build.0 = Release|x64
		{350609AC-FEB8-4EC0-8CA0-DE991181F11F}.Release|x86.ActiveCfg = Release|Win32
		{350609AC-FEB8-4EC0-8CA0-DE991181F11F}.Release|x86.Build.0 = Release|Win32
	EndGlobalSection
	GlobalSection(SolutionProperties) = preSolution
		HideSolutionNode = FALSE
	EndGlobalSection
	GlobalSection(NestedProjects) = preSolution
		{F3DCD8FE-CF76-405A-AA43-2FC095F5696D} = {AF28FEFA-2981-4FE8-9D1A-0EBBB04C0BF0}
		{350609AC-FEB8-4EC0-8CA0-DE991181F11F} = {AF28FEFA-2981-4FE8-9D1A-0EBBB04C0BF0}
	EndGlobalSection
	GlobalSection(ExtensibilityGlobals) = postSolution
		SolutionGuid = {F2ED40DA-9F84-40B6-8A41-342D7181B5F1}
	EndGlobalSection
EndGlobal
