<?xml version="1.0" encoding="utf-8"?>
<Project ToolsVersion="4.0" xmlns="http://schemas.microsoft.com/developer/msbuild/2003">
  <ItemGroup>
    <Filter Include="源文件">
      <UniqueIdentifier>{4FC737F1-C7A5-4376-A066-2A32D752A2FF}</UniqueIdentifier>
      <Extensions>cpp;c;cc;cxx;c++;cppm;ixx;def;odl;idl;hpj;bat;asm;asmx</Extensions>
    </Filter>
    <Filter Include="头文件">
      <UniqueIdentifier>{93995380-89BD-4b04-88EB-625FBE52EBFB}</UniqueIdentifier>
      <Extensions>h;hh;hpp;hxx;h++;hm;inl;inc;ipp;xsd</Extensions>
    </Filter>
    <Filter Include="头文件\Resource">
      <UniqueIdentifier>{9c873f44-e164-4dc4-9499-c97ed872788a}</UniqueIdentifier>
    </Filter>
    <Filter Include="源文件\Resource">
      <UniqueIdentifier>{ce13e4b9-c0ab-4703-826c-77688a2f7cea}</UniqueIdentifier>
    </Filter>
    <Filter Include="头文件\Component">
      <UniqueIdentifier>{a2bc8987-48fd-475f-b1fe-d14c6c41602e}</UniqueIdentifier>
    </Filter>
    <Filter Include="头文件\RunTime">
      <UniqueIdentifier>{5eeb30ae-3e55-4bbf-b919-a5aee6894b32}</UniqueIdentifier>
    </Filter>
    <Filter Include="头文件\ShaderMgr">
      <UniqueIdentifier>{79953ebd-8d52-49f3-9b94-f2150c2d9d73}</UniqueIdentifier>
    </Filter>
    <Filter Include="头文件\Utility">
      <UniqueIdentifier>{09a0e9d7-c43b-46e1-ac94-e40f7c597250}</UniqueIdentifier>
    </Filter>
    <Filter Include="源文件\Component">
      <UniqueIdentifier>{83e5ef2d-5f75-4dbc-adfe-b7d729e7f6e6}</UniqueIdentifier>
    </Filter>
    <Filter Include="源文件\Utility">
      <UniqueIdentifier>{63968403-4b01-4905-bfbe-c2f6dfbaf4cf}</UniqueIdentifier>
    </Filter>
    <Filter Include="源文件\ShaderMgr">
      <UniqueIdentifier>{44f49eb7-7eff-44ec-abb3-fddeb3f67833}</UniqueIdentifier>
    </Filter>
    <Filter Include="源文件\RunTime">
      <UniqueIdentifier>{f6e7eb6b-e04c-4e8e-b228-e3115ff1680c}</UniqueIdentifier>
    </Filter>
    <Filter Include="头文件\Example">
      <UniqueIdentifier>{87f6d488-676b-4e2e-ae06-c9aea172fb0d}</UniqueIdentifier>
    </Filter>
    <Filter Include="源文件\Example">
      <UniqueIdentifier>{95229da9-50cc-4c6d-bb58-338d34cd36fc}</UniqueIdentifier>
    </Filter>
    <Filter Include="头文件\Base">
      <UniqueIdentifier>{5947ae1d-565a-476c-9e71-3ef994426a25}</UniqueIdentifier>
    </Filter>
    <Filter Include="源文件\Base">
      <UniqueIdentifier>{498d7917-f837-4ffd-91bd-c4da0c600a05}</UniqueIdentifier>
    </Filter>
  </ItemGroup>
  <ItemGroup>
    <ClCompile Include="Main.cpp">
      <Filter>源文件</Filter>
    </ClCompile>
    <ClCompile Include="RunTime\Device.cpp">
      <Filter>源文件\RunTime</Filter>
    </ClCompile>
    <ClCompile Include="0Example\01_ClearColor.cpp">
      <Filter>源文件\Example</Filter>
    </ClCompile>
    <ClCompile Include="Base\BaseDX.cpp">
      <Filter>源文件\Base</Filter>
    </ClCompile>
    <ClCompile Include="Base\WindowsWapper.cpp">
      <Filter>源文件\Base</Filter>
    </ClCompile>
    <ClCompile Include="Utility\DXHelper.cpp">
      <Filter>源文件\Utility</Filter>
    </ClCompile>
    <ClCompile Include="Utility\MathHelper.cpp">
      <Filter>源文件\Utility</Filter>
    </ClCompile>
    <ClCompile Include="0Example\02_SimplerBox.cpp">
      <Filter>源文件\Example</Filter>
    </ClCompile>
    <ClCompile Include="0Example\03_Shapes.cpp">
      <Filter>源文件\Example</Filter>
    </ClCompile>
    <ClCompile Include="Utility\GeometryGenerator.cpp">
      <Filter>源文件\Utility</Filter>
    </ClCompile>
    <ClCompile Include="Resource\FrameResource.cpp">
      <Filter>源文件\Resource</Filter>
    </ClCompile>
    <ClCompile Include="0Example\04_DynamicBox.cpp">
      <Filter>源文件\Example</Filter>
    </ClCompile>
    <ClCompile Include="0Example\05_Light.cpp">
      <Filter>源文件\Example</Filter>
    </ClCompile>
  </ItemGroup>
  <ItemGroup>
    <ClInclude Include="RunTime\Device.h">
      <Filter>头文件\RunTime</Filter>
    </ClInclude>
    <ClInclude Include="0Example\01_ClearColor.h">
      <Filter>头文件\Example</Filter>
    </ClInclude>
    <ClInclude Include="Base\BaseDX.h">
      <Filter>头文件\Base</Filter>
    </ClInclude>
    <ClInclude Include="Base\d3dx12.h">
      <Filter>头文件\Base</Filter>
    </ClInclude>
    <ClInclude Include="Base\WindowsWapper.h">
      <Filter>头文件\Base</Filter>
    </ClInclude>
    <ClInclude Include="Utility\DXHelper.h">
      <Filter>头文件\Utility</Filter>
    </ClInclude>
    <ClInclude Include="Utility\MathHelper.h">
      <Filter>头文件\Utility</Filter>
    </ClInclude>
    <ClInclude Include="0Example\02_SimplerBox.h">
      <Filter>头文件\Example</Filter>
    </ClInclude>
    <ClInclude Include="Resource\UploadBuffer.h">
      <Filter>头文件</Filter>
    </ClInclude>
    <ClInclude Include="0Example\03_Shapes.h">
      <Filter>头文件\Example</Filter>
    </ClInclude>
    <ClInclude Include="Utility\GeometryGenerator.h">
      <Filter>头文件\Utility</Filter>
    </ClInclude>
    <ClInclude Include="Resource\FrameResource.h">
      <Filter>头文件\Resource</Filter>
    </ClInclude>
    <ClInclude Include="0Example\04_DynamicBox.h">
      <Filter>头文件\Example</Filter>
    </ClInclude>
    <ClInclude Include="0Example\05_Light.h">
      <Filter>头文件\Example</Filter>
    </ClInclude>
  </ItemGroup>
</Project>